{
  "version": 4,
  "terraform_version": "1.7.0",
  "serial": 12,
  "lineage": "bfe72663-71a4-3314-4f09-92d94a175d38",
  "outputs": {},
  "resources": [
    {
      "mode": "managed",
      "type": "yandex_compute_instance",
      "name": "production_instance",
      "provider": "provider[\"registry.terraform.io/yandex-cloud/yandex\"]",
      "instances": [
        {
          "status": "tainted",
          "schema_version": 1,
          "attributes": {
            "allow_recreate": null,
            "allow_stopping_for_update": null,
            "boot_disk": [
              {
                "auto_delete": true,
                "device_name": "fhmnc7khid4jtourutnu",
                "disk_id": "fhmnc7khid4jtourutnu",
                "initialize_params": [
                  {
                    "block_size": 4096,
                    "description": "",
                    "image_id": "fd88m3uah9t47loeseir",
                    "name": "",
                    "size": 30,
                    "snapshot_id": "",
                    "type": "network-ssd"
                  }
                ],
                "mode": "READ_WRITE"
              }
            ],
            "created_at": "2024-07-29T16:01:00Z",
            "description": "",
            "filesystem": [],
            "folder_id": "b1ge0llpg1gnn3hpv1n4",
            "fqdn": "fhm5r5r1rb59gffdc878.auto.internal",
            "gpu_cluster_id": "",
            "hostname": "",
            "id": "fhm5r5r1rb59gffdc878",
            "labels": null,
            "local_disk": [],
            "maintenance_grace_period": "",
            "maintenance_policy": null,
            "metadata": {
              "ssh-keys": "ubuntu:ssh-rsa AAAAB3NzaC1yc2EAAAADAQABAAACAQDEoY5VJi5GfJEEbtxv/MxTr28BKPTwRuI93tkaK3Qfk+0X7m/+SDBnGsqZ9Zi4gEzoEUE/0NjPZyEQRkHeCax/tW9vQn+LNDlOm4eo0/p+j4qZIFWU5tvmsWxAW4YLddGu9xfQvhc8XukwprohozPdaAQvVxRf0dzPd0ERJYmJD7qUAlL8xA6k3ScdPq34R1M6VH+Wk3gRzMVex35zKut+50R//ux7BbPsfCpfJjVOgz9mgB+cBLnny5UsShVOvkTugtg3QkNaKQ+qXTIHHOlz4WDhun1MvMmyznxmkiNB0IJcwSsB7ixnMqTZ5G69pBYldVxXPHv0bf7PfvTcGjXlGF1qXN9z7hdXw1oQCEDaNEtczalK2wSkU9yU+C/CZa5Jk9P7ZYuZDPuiIlX/PRQ8ak5EgLE3KSoFqFBplucnhFHXGGkrpxSIphAt0939gT0WCHKNo82C8mlD7DBG1TkvKadsFZnN7cJAm+4R/ANe6zYLQ7HWgyQEeO1vnr3NEt/4DH60Dd5OOxXbmao1excgY3IwHh36HrTYsaKI9t4mLVMjDOS1tIEl1t6RrohUYyMew7fuJO/WZyQSPcEdaCnfG8AhYV+V7zVUz/qdk4Pg4VsFv1VEkXENb8Q1AIuqdIcBEYNHk9vtt0Y9g/6d6OzMXhAUoOj1sIyc/etiJV5iIw== andrej.majoroff@yandex.ru\n"
            },
            "metadata_options": [
              {
                "aws_v1_http_endpoint": 1,
                "aws_v1_http_token": 2,
                "gce_http_endpoint": 1,
                "gce_http_token": 1
              }
            ],
            "name": "production-instance",
            "network_acceleration_type": "standard",
            "network_interface": [
              {
                "dns_record": [],
                "index": 0,
                "ip_address": "10.128.0.6",
                "ipv4": true,
                "ipv6": false,
                "ipv6_address": "",
                "ipv6_dns_record": [],
                "mac_address": "d0:0d:5d:97:61:da",
                "nat": true,
                "nat_dns_record": [],
                "nat_ip_address": "89.169.128.83",
                "nat_ip_version": "IPV4",
                "security_group_ids": [],
                "subnet_id": "e9bbqtbbo4evg3kk5esc"
              }
            ],
            "placement_policy": [
              {
                "host_affinity_rules": [],
                "placement_group_id": "",
                "placement_group_partition": 0
              }
            ],
            "platform_id": "standard-v1",
            "resources": [
              {
                "core_fraction": 100,
                "cores": 4,
                "gpus": 0,
                "memory": 4
              }
            ],
            "scheduling_policy": [
              {
                "preemptible": false
              }
            ],
            "secondary_disk": [],
            "service_account_id": "",
            "status": "running",
            "timeouts": null,
            "zone": "ru-central1-a"
          },
          "sensitive_attributes": [],
          "private": "eyJlMmJmYjczMC1lY2FhLTExZTYtOGY4OC0zNDM2M2JjN2M0YzAiOnsiY3JlYXRlIjozMDAwMDAwMDAwMDAsImRlbGV0ZSI6MzAwMDAwMDAwMDAwLCJ1cGRhdGUiOjMwMDAwMDAwMDAwMH0sInNjaGVtYV92ZXJzaW9uIjoiMSJ9"
        }
      ]
    }
  ],
  "check_results": null
}
